
Microsoft Visual Studio Solution File, Format Version 12.00
# Visual Studio Version 16
VisualStudioVersion = 16.0.31112.23
MinimumVisualStudioVersion = 10.0.40219.1
Project("{FAE04EC0-301F-11D3-BF4B-00C04F79EFBC}") = "Bonvoyage", "Bonvoyage\Bonvoyage.csproj", "{6B0EBB5D-F774-4B2D-ADCC-C556295E0926}"
EndProject
Global
	GlobalSection(SolutionConfigurationPlatforms) = preSolution
		Debug|Any CPU = Debug|Any CPU
		Release|Any CPU = Release|Any CPU
	EndGlobalSection
	GlobalSection(ProjectConfigurationPlatforms) = postSolution
		{6B0EBB5D-F774-4B2D-ADCC-C556295E0926}.Debug|Any CPU.ActiveCfg = Debug|Any CPU
		{6B0EBB5D-F774-4B2D-ADCC-C556295E0926}.Debug|Any CPU.Build.0 = Debug|Any CPU
		{6B0EBB5D-F774-4B2D-ADCC-C556295E0926}.Release|Any CPU.ActiveCfg = Release|Any CPU
		{6B0EBB5D-F774-4B2D-ADCC-C556295E0926}.Release|Any CPU.Build.0 = Release|Any CPU
	EndGlobalSection
	GlobalSection(SolutionProperties) = preSolution
		HideSolutionNode = FALSE
	EndGlobalSection
	GlobalSection(ExtensibilityGlobals) = postSolution
		SolutionGuid = {67D6E46C-3F4E-4953-B9BE-F71BD3A2F77F}
	EndGlobalSection
EndGlobal
